
Microsoft Visual Studio Solution File, Format Version 12.00
# Visual Studio Version 17
VisualStudioVersion = 17.3.32901.215
MinimumVisualStudioVersion = 10.0.40219.1
Project("{FAE04EC0-301F-11D3-BF4B-00C04F79EFBC}") = "RadioButtonTest.Android", "RadioButtonTest.Android\RadioButtonTest.Android.csproj", "{C4037D61-10AF-4D1D-82DC-FF0E558B1FAB}"
EndProject
Project("{FAE04EC0-301F-11D3-BF4B-00C04F79EFBC}") = "RadioButtonTest.iOS", "RadioButtonTest.iOS\RadioButtonTest.iOS.csproj", "{BB20A115-5121-4B86-A8DE-0BFB72366E9B}"
EndProject
Project("{FAE04EC0-301F-11D3-BF4B-00C04F79EFBC}") = "RadioButtonTest", "RadioButtonTest\RadioButtonTest.csproj", "{6AFBFAB0-1802-4A21-99F1-C25208A35A82}"
EndProject
Global
	GlobalSection(SolutionConfigurationPlatforms) = preSolution
		Debug|Any CPU = Debug|Any CPU
		Debug|iPhone = Debug|iPhone
		Debug|iPhoneSimulator = Debug|iPhoneSimulator
		Release|Any CPU = Release|Any CPU
		Release|iPhone = Release|iPhone
		Release|iPhoneSimulator = Release|iPhoneSimulator
	EndGlobalSection
	GlobalSection(ProjectConfigurationPlatforms) = postSolution
		{C4037D61-10AF-4D1D-82DC-FF0E558B1FAB}.Debug|Any CPU.ActiveCfg = Debug|Any CPU
		{C4037D61-10AF-4D1D-82DC-FF0E558B1FAB}.Debug|Any CPU.Build.0 = Debug|Any CPU
		{C4037D61-10AF-4D1D-82DC-FF0E558B1FAB}.Debug|Any CPU.Deploy.0 = Debug|Any CPU
		{C4037D61-10AF-4D1D-82DC-FF0E558B1FAB}.Debug|iPhone.ActiveCfg = Debug|Any CPU
		{C4037D61-10AF-4D1D-82DC-FF0E558B1FAB}.Debug|iPhone.Build.0 = Debug|Any CPU
		{C4037D61-10AF-4D1D-82DC-FF0E558B1FAB}.Debug|iPhone.Deploy.0 = Debug|Any CPU
		{C4037D61-10AF-4D1D-82DC-FF0E558B1FAB}.Debug|iPhoneSimulator.ActiveCfg = Debug|Any CPU
		{C4037D61-10AF-4D1D-82DC-FF0E558B1FAB}.Debug|iPhoneSimulator.Build.0 = Debug|Any CPU
		{C4037D61-10AF-4D1D-82DC-FF0E558B1FAB}.Debug|iPhoneSimulator.Deploy.0 = Debug|Any CPU
		{C4037D61-10AF-4D1D-82DC-FF0E558B1FAB}.Release|Any CPU.ActiveCfg = Release|Any CPU
		{C4037D61-10AF-4D1D-82DC-FF0E558B1FAB}.Release|Any CPU.Build.0 = Release|Any CPU
		{C4037D61-10AF-4D1D-82DC-FF0E558B1FAB}.Release|Any CPU.Deploy.0 = Release|Any CPU
		{C4037D61-10AF-4D1D-82DC-FF0E558B1FAB}.Release|iPhone.ActiveCfg = Release|Any CPU
		{C4037D61-10AF-4D1D-82DC-FF0E558B1FAB}.Release|iPhone.Build.0 = Release|Any CPU
		{C4037D61-10AF-4D1D-82DC-FF0E558B1FAB}.Release|iPhone.Deploy.0 = Release|Any CPU
		{C4037D61-10AF-4D1D-82DC-FF0E558B1FAB}.Release|iPhoneSimulator.ActiveCfg = Release|Any CPU
		{C4037D61-10AF-4D1D-82DC-FF0E558B1FAB}.Release|iPhoneSimulator.Build.0 = Release|Any CPU
		{C4037D61-10AF-4D1D-82DC-FF0E558B1FAB}.Release|iPhoneSimulator.Deploy.0 = Release|Any CPU
		{BB20A115-5121-4B86-A8DE-0BFB72366E9B}.Debug|Any CPU.ActiveCfg = Debug|iPhone
		{BB20A115-5121-4B86-A8DE-0BFB72366E9B}.Debug|Any CPU.Build.0 = Debug|iPhone
		{BB20A115-5121-4B86-A8DE-0BFB72366E9B}.Debug|Any CPU.Deploy.0 = Debug|iPhone
		{BB20A115-5121-4B86-A8DE-0BFB72366E9B}.Debug|iPhone.ActiveCfg = Debug|iPhone
		{BB20A115-5121-4B86-A8DE-0BFB72366E9B}.Debug|iPhone.Build.0 = Debug|iPhone
		{BB20A115-5121-4B86-A8DE-0BFB72366E9B}.Debug|iPhone.Deploy.0 = Debug|iPhone
		{BB20A115-5121-4B86-A8DE-0BFB72366E9B}.Debug|iPhoneSimulator.ActiveCfg = Debug|iPhoneSimulator
		{BB20A115-5121-4B86-A8DE-0BFB72366E9B}.Debug|iPhoneSimulator.Build.0 = Debug|iPhoneSimulator
		{BB20A115-5121-4B86-A8DE-0BFB72366E9B}.Debug|iPhoneSimulator.Deploy.0 = Debug|iPhoneSimulator
		{BB20A115-5121-4B86-A8DE-0BFB72366E9B}.Release|Any CPU.ActiveCfg = Release|iPhoneSimulator
		{BB20A115-5121-4B86-A8DE-0BFB72366E9B}.Release|Any CPU.Build.0 = Release|iPhoneSimulator
		{BB20A115-5121-4B86-A8DE-0BFB72366E9B}.Release|Any CPU.Deploy.0 = Release|iPhoneSimulator
		{BB20A115-5121-4B86-A8DE-0BFB72366E9B}.Release|iPhone.ActiveCfg = Release|iPhone
		{BB20A115-5121-4B86-A8DE-0BFB72366E9B}.Release|iPhone.Build.0 = Release|iPhone
		{BB20A115-5121-4B86-A8DE-0BFB72366E9B}.Release|iPhone.Deploy.0 = Release|iPhone
		{BB20A115-5121-4B86-A8DE-0BFB72366E9B}.Release|iPhoneSimulator.ActiveCfg = Release|iPhoneSimulator
		{BB20A115-5121-4B86-A8DE-0BFB72366E9B}.Release|iPhoneSimulator.Build.0 = Release|iPhoneSimulator
		{BB20A115-5121-4B86-A8DE-0BFB72366E9B}.Release|iPhoneSimulator.Deploy.0 = Release|iPhoneSimulator
		{6AFBFAB0-1802-4A21-99F1-C25208A35A82}.Debug|Any CPU.ActiveCfg = Debug|Any CPU
		{6AFBFAB0-1802-4A21-99F1-C25208A35A82}.Debug|Any CPU.Build.0 = Debug|Any CPU
		{6AFBFAB0-1802-4A21-99F1-C25208A35A82}.Debug|Any CPU.Deploy.0 = Debug|Any CPU
		{6AFBFAB0-1802-4A21-99F1-C25208A35A82}.Debug|iPhone.ActiveCfg = Debug|Any CPU
		{6AFBFAB0-1802-4A21-99F1-C25208A35A82}.Debug|iPhone.Build.0 = Debug|Any CPU
		{6AFBFAB0-1802-4A21-99F1-C25208A35A82}.Debug|iPhone.Deploy.0 = Debug|Any CPU
		{6AFBFAB0-1802-4A21-99F1-C25208A35A82}.Debug|iPhoneSimulator.ActiveCfg = Debug|Any CPU
		{6AFBFAB0-1802-4A21-99F1-C25208A35A82}.Debug|iPhoneSimulator.Build.0 = Debug|Any CPU
		{6AFBFAB0-1802-4A21-99F1-C25208A35A82}.Debug|iPhoneSimulator.Deploy.0 = Debug|Any CPU
		{6AFBFAB0-1802-4A21-99F1-C25208A35A82}.Release|Any CPU.ActiveCfg = Release|Any CPU
		{6AFBFAB0-1802-4A21-99F1-C25208A35A82}.Release|Any CPU.Build.0 = Release|Any CPU
		{6AFBFAB0-1802-4A21-99F1-C25208A35A82}.Release|Any CPU.Deploy.0 = Release|Any CPU
		{6AFBFAB0-1802-4A21-99F1-C25208A35A82}.Release|iPhone.ActiveCfg = Release|Any CPU
		{6AFBFAB0-1802-4A21-99F1-C25208A35A82}.Release|iPhone.Build.0 = Release|Any CPU
		{6AFBFAB0-1802-4A21-99F1-C25208A35A82}.Release|iPhone.Deploy.0 = Release|Any CPU
		{6AFBFAB0-1802-4A21-99F1-C25208A35A82}.Release|iPhoneSimulator.ActiveCfg = Release|Any CPU
		{6AFBFAB0-1802-4A21-99F1-C25208A35A82}.Release|iPhoneSimulator.Build.0 = Release|Any CPU
		{6AFBFAB0-1802-4A21-99F1-C25208A35A82}.Release|iPhoneSimulator.Deploy.0 = Release|Any CPU
	EndGlobalSection
	GlobalSection(SolutionProperties) = preSolution
		HideSolutionNode = FALSE
	EndGlobalSection
	GlobalSection(ExtensibilityGlobals) = postSolution
		SolutionGuid = {79A6EA39-AADC-4DB1-B9CE-6658E4520EFD}
	EndGlobalSection
EndGlobal
